
Microsoft Visual Studio Solution File, Format Version 12.00
# Visual Studio Version 17
VisualStudioVersion = 17.13.35931.197
MinimumVisualStudioVersion = 10.0.40219.1
Project("{FAE04EC0-301F-11D3-BF4B-00C04F79EFBC}") = "W1_TASK_1", "W1_TASK_1\W1_TASK_1.csproj", "{1BBA3B2B-55E5-4C47-BED8-57BD8832C3BE}"
EndProject
Project("{FAE04EC0-301F-11D3-BF4B-00C04F79EFBC}") = "S2_TASK_1", "S2_TASK_1\S2_TASK_1.csproj", "{A73DA7CD-300D-4FA1-A481-1DE4E03710BA}"
EndProject
Project("{FAE04EC0-301F-11D3-BF4B-00C04F79EFBC}") = "S3_TASK_1", "S3_TASK_1\S3_TASK_1.csproj", "{E0FE522F-4EBA-4504-AC9A-2F06015B3E44}"
EndProject
Project("{2150E333-8FDC-42A3-9474-1A3956D46DE8}") = "2025.08.29_Task 13", "2025.08.29_Task 13", "{FAE92662-74F0-468C-9B4E-41989673E30D}"
EndProject
Project("{FAE04EC0-301F-11D3-BF4B-00C04F79EFBC}") = "OOP Task 2", "2025.08.29\OOP Task 2\OOP Task 2.csproj", "{D5783BE6-B629-4EC4-8FB4-FE77A3465F39}"
EndProject
Project("{2150E333-8FDC-42A3-9474-1A3956D46DE8}") = "2025.08.22_Task 12", "2025.08.22_Task 12", "{9FED4FAB-75C9-4F16-9454-36BF4CDC5708}"
EndProject
Project("{FAE04EC0-301F-11D3-BF4B-00C04F79EFBC}") = "Task OOP 1", "2025.08.27_Task 12\Task OOP 1\Task OOP 1.csproj", "{8A913221-F858-48EB-83CF-120BA3B5F4FF}"
EndProject
Project("{2150E333-8FDC-42A3-9474-1A3956D46DE8}") = "SQL Task", "SQL Task", "{02EA681E-C7D8-13C7-8484-4AC65E1B71E8}"
EndProject
Project("{FAE04EC0-301F-11D3-BF4B-00C04F79EFBC}") = "Training", "Lectures\2025.09.03\Training\Training.csproj", "{FA526643-8347-44E6-83EF-E703D40A1C00}"
EndProject
Project("{2150E333-8FDC-42A3-9474-1A3956D46DE8}") = "2025.09.10_Task 15", "2025.09.10_Task 15", "{93C71EBA-12CA-4913-9925-0CACBE6321E7}"
EndProject
Project("{2150E333-8FDC-42A3-9474-1A3956D46DE8}") = "Contact Us", "Contact Us", "{DD55480D-F763-4CD8-9658-10A1FDFE23DC}"
	ProjectSection(SolutionItems) = preProject
		index1.html = index1.html
		style1.css = style1.css
	EndProjectSection
EndProject
Project("{2150E333-8FDC-42A3-9474-1A3956D46DE8}") = "Tables", "Tables", "{49599AA4-96BC-402E-820E-9C31BDE4B2B1}"
	ProjectSection(SolutionItems) = preProject
		index2.html = index2.html
		style2.css = style2.css
	EndProjectSection
EndProject
Project("{2150E333-8FDC-42A3-9474-1A3956D46DE8}") = "Form", "Form", "{0D2C9627-BBCA-49B9-9849-98FDEF46E49A}"
	ProjectSection(SolutionItems) = preProject
		style3.css = style3.css
		index3.html = index3.html
	EndProjectSection
EndProject
Project("{FAE04EC0-301F-11D3-BF4B-00C04F79EFBC}") = "Project1", "2025.9.10_Task 15\Project1\Project1.csproj", "{630CC026-A88A-468B-9003-C7B915BD6A84}"
EndProject
Project("{FAE04EC0-301F-11D3-BF4B-00C04F79EFBC}") = "Project3", "2025.9.10_Task 15\Project3\Project3.csproj", "{695C0D74-450D-4197-9370-4CE362D4672B}"
EndProject
Project("{2150E333-8FDC-42A3-9474-1A3956D46DE8}") = "2025.09.17_Task 16", "2025.09.17_Task 16", "{87DCA955-7EAA-473E-9A9E-E9D958A2A2B2}"
EndProject
Project("{FAE04EC0-301F-11D3-BF4B-00C04F79EFBC}") = "Project2", "2025.9.10_Task 15\Project2\Project2.csproj", "{B11108A8-EF6B-4004-89EE-C523457A23FC}"
EndProject
Project("{FAE04EC0-301F-11D3-BF4B-00C04F79EFBC}") = "Task", "2025.9.3_Task 14\Task\Task.csproj", "{6D612E16-B604-4BC8-8C13-5608BC856276}"
EndProject
Project("{2150E333-8FDC-42A3-9474-1A3956D46DE8}") = "2025.09.03_Task 14", "2025.09.03_Task 14", "{8A741ED8-81E8-4E67-A0AD-A5191CC60587}"
EndProject
Project("{FAE04EC0-301F-11D3-BF4B-00C04F79EFBC}") = "BankingManagmentSystem", "2025.7.4_Task 3\BankingManagmentSystem\BankingManagmentSystem.csproj", "{93EA8E8D-F4FD-4B9C-9B52-AC9D578798C2}"
EndProject
Project("{2150E333-8FDC-42A3-9474-1A3956D46DE8}") = "2025.07.04_Task 3", "2025.07.04_Task 3", "{C8619A71-9CBA-401E-8F11-F6B800C2EF93}"
EndProject
Project("{2150E333-8FDC-42A3-9474-1A3956D46DE8}") = "2025.07.11_Task 4", "2025.07.11_Task 4", "{6B164F2C-0A31-4DBD-BC0E-87070274690A}"
EndProject
Project("{FAE04EC0-301F-11D3-BF4B-00C04F79EFBC}") = "StudentGradingSystem", "2025.07.11_Task 4\StudentGradingSystem\StudentGradingSystem.csproj", "{7AAB28B0-19F7-41C3-9E7B-9AD86BE2F5AD}"
EndProject
Global
	GlobalSection(SolutionConfigurationPlatforms) = preSolution
		Debug|Any CPU = Debug|Any CPU
		Release|Any CPU = Release|Any CPU
	EndGlobalSection
	GlobalSection(ProjectConfigurationPlatforms) = postSolution
		{1BBA3B2B-55E5-4C47-BED8-57BD8832C3BE}.Debug|Any CPU.ActiveCfg = Debug|Any CPU
		{1BBA3B2B-55E5-4C47-BED8-57BD8832C3BE}.Debug|Any CPU.Build.0 = Debug|Any CPU
		{1BBA3B2B-55E5-4C47-BED8-57BD8832C3BE}.Release|Any CPU.ActiveCfg = Release|Any CPU
		{1BBA3B2B-55E5-4C47-BED8-57BD8832C3BE}.Release|Any CPU.Build.0 = Release|Any CPU
		{A73DA7CD-300D-4FA1-A481-1DE4E03710BA}.Debug|Any CPU.ActiveCfg = Debug|Any CPU
		{A73DA7CD-300D-4FA1-A481-1DE4E03710BA}.Debug|Any CPU.Build.0 = Debug|Any CPU
		{A73DA7CD-300D-4FA1-A481-1DE4E03710BA}.Release|Any CPU.ActiveCfg = Release|Any CPU
		{A73DA7CD-300D-4FA1-A481-1DE4E03710BA}.Release|Any CPU.Build.0 = Release|Any CPU
		{E0FE522F-4EBA-4504-AC9A-2F06015B3E44}.Debug|Any CPU.ActiveCfg = Debug|Any CPU
		{E0FE522F-4EBA-4504-AC9A-2F06015B3E44}.Debug|Any CPU.Build.0 = Debug|Any CPU
		{E0FE522F-4EBA-4504-AC9A-2F06015B3E44}.Release|Any CPU.ActiveCfg = Release|Any CPU
		{E0FE522F-4EBA-4504-AC9A-2F06015B3E44}.Release|Any CPU.Build.0 = Release|Any CPU
		{D5783BE6-B629-4EC4-8FB4-FE77A3465F39}.Debug|Any CPU.ActiveCfg = Debug|Any CPU
		{D5783BE6-B629-4EC4-8FB4-FE77A3465F39}.Debug|Any CPU.Build.0 = Debug|Any CPU
		{D5783BE6-B629-4EC4-8FB4-FE77A3465F39}.Release|Any CPU.ActiveCfg = Release|Any CPU
		{D5783BE6-B629-4EC4-8FB4-FE77A3465F39}.Release|Any CPU.Build.0 = Release|Any CPU
		{8A913221-F858-48EB-83CF-120BA3B5F4FF}.Debug|Any CPU.ActiveCfg = Debug|Any CPU
		{8A913221-F858-48EB-83CF-120BA3B5F4FF}.Debug|Any CPU.Build.0 = Debug|Any CPU
		{8A913221-F858-48EB-83CF-120BA3B5F4FF}.Release|Any CPU.ActiveCfg = Release|Any CPU
		{8A913221-F858-48EB-83CF-120BA3B5F4FF}.Release|Any CPU.Build.0 = Release|Any CPU
		{FA526643-8347-44E6-83EF-E703D40A1C00}.Debug|Any CPU.ActiveCfg = Debug|Any CPU
		{FA526643-8347-44E6-83EF-E703D40A1C00}.Debug|Any CPU.Build.0 = Debug|Any CPU
		{FA526643-8347-44E6-83EF-E703D40A1C00}.Release|Any CPU.ActiveCfg = Release|Any CPU
		{FA526643-8347-44E6-83EF-E703D40A1C00}.Release|Any CPU.Build.0 = Release|Any CPU
		{630CC026-A88A-468B-9003-C7B915BD6A84}.Debug|Any CPU.ActiveCfg = Debug|Any CPU
		{630CC026-A88A-468B-9003-C7B915BD6A84}.Debug|Any CPU.Build.0 = Debug|Any CPU
		{630CC026-A88A-468B-9003-C7B915BD6A84}.Release|Any CPU.ActiveCfg = Release|Any CPU
		{630CC026-A88A-468B-9003-C7B915BD6A84}.Release|Any CPU.Build.0 = Release|Any CPU
		{695C0D74-450D-4197-9370-4CE362D4672B}.Debug|Any CPU.ActiveCfg = Debug|Any CPU
		{695C0D74-450D-4197-9370-4CE362D4672B}.Debug|Any CPU.Build.0 = Debug|Any CPU
		{695C0D74-450D-4197-9370-4CE362D4672B}.Release|Any CPU.ActiveCfg = Release|Any CPU
		{695C0D74-450D-4197-9370-4CE362D4672B}.Release|Any CPU.Build.0 = Release|Any CPU
		{B11108A8-EF6B-4004-89EE-C523457A23FC}.Debug|Any CPU.ActiveCfg = Debug|Any CPU
		{B11108A8-EF6B-4004-89EE-C523457A23FC}.Debug|Any CPU.Build.0 = Debug|Any CPU
		{B11108A8-EF6B-4004-89EE-C523457A23FC}.Release|Any CPU.ActiveCfg = Release|Any CPU
		{B11108A8-EF6B-4004-89EE-C523457A23FC}.Release|Any CPU.Build.0 = Release|Any CPU
		{6D612E16-B604-4BC8-8C13-5608BC856276}.Debug|Any CPU.ActiveCfg = Debug|Any CPU
		{6D612E16-B604-4BC8-8C13-5608BC856276}.Debug|Any CPU.Build.0 = Debug|Any CPU
		{6D612E16-B604-4BC8-8C13-5608BC856276}.Release|Any CPU.ActiveCfg = Release|Any CPU
		{6D612E16-B604-4BC8-8C13-5608BC856276}.Release|Any CPU.Build.0 = Release|Any CPU
		{93EA8E8D-F4FD-4B9C-9B52-AC9D578798C2}.Debug|Any CPU.ActiveCfg = Debug|Any CPU
		{93EA8E8D-F4FD-4B9C-9B52-AC9D578798C2}.Debug|Any CPU.Build.0 = Debug|Any CPU
		{93EA8E8D-F4FD-4B9C-9B52-AC9D578798C2}.Release|Any CPU.ActiveCfg = Release|Any CPU
		{93EA8E8D-F4FD-4B9C-9B52-AC9D578798C2}.Release|Any CPU.Build.0 = Release|Any CPU
		{7AAB28B0-19F7-41C3-9E7B-9AD86BE2F5AD}.Debug|Any CPU.ActiveCfg = Debug|Any CPU
		{7AAB28B0-19F7-41C3-9E7B-9AD86BE2F5AD}.Debug|Any CPU.Build.0 = Debug|Any CPU
		{7AAB28B0-19F7-41C3-9E7B-9AD86BE2F5AD}.Release|Any CPU.ActiveCfg = Release|Any CPU
		{7AAB28B0-19F7-41C3-9E7B-9AD86BE2F5AD}.Release|Any CPU.Build.0 = Release|Any CPU
	EndGlobalSection
	GlobalSection(SolutionProperties) = preSolution
		HideSolutionNode = FALSE
	EndGlobalSection
	GlobalSection(NestedProjects) = preSolution
		{D5783BE6-B629-4EC4-8FB4-FE77A3465F39} = {FAE92662-74F0-468C-9B4E-41989673E30D}
		{8A913221-F858-48EB-83CF-120BA3B5F4FF} = {9FED4FAB-75C9-4F16-9454-36BF4CDC5708}
		{02EA681E-C7D8-13C7-8484-4AC65E1B71E8} = {9FED4FAB-75C9-4F16-9454-36BF4CDC5708}
		{DD55480D-F763-4CD8-9658-10A1FDFE23DC} = {87DCA955-7EAA-473E-9A9E-E9D958A2A2B2}
		{49599AA4-96BC-402E-820E-9C31BDE4B2B1} = {87DCA955-7EAA-473E-9A9E-E9D958A2A2B2}
		{0D2C9627-BBCA-49B9-9849-98FDEF46E49A} = {87DCA955-7EAA-473E-9A9E-E9D958A2A2B2}
		{630CC026-A88A-468B-9003-C7B915BD6A84} = {93C71EBA-12CA-4913-9925-0CACBE6321E7}
		{695C0D74-450D-4197-9370-4CE362D4672B} = {93C71EBA-12CA-4913-9925-0CACBE6321E7}
		{B11108A8-EF6B-4004-89EE-C523457A23FC} = {93C71EBA-12CA-4913-9925-0CACBE6321E7}
		{6D612E16-B604-4BC8-8C13-5608BC856276} = {8A741ED8-81E8-4E67-A0AD-A5191CC60587}
		{93EA8E8D-F4FD-4B9C-9B52-AC9D578798C2} = {C8619A71-9CBA-401E-8F11-F6B800C2EF93}
		{7AAB28B0-19F7-41C3-9E7B-9AD86BE2F5AD} = {6B164F2C-0A31-4DBD-BC0E-87070274690A}
	EndGlobalSection
	GlobalSection(ExtensibilityGlobals) = postSolution
		SolutionGuid = {EE13489F-57F9-4CEF-9551-F3FC656A51E6}
	EndGlobalSection
EndGlobal
